
Microsoft Visual Studio Solution File, Format Version 12.00
# Visual Studio 15
VisualStudioVersion = 15.0.27703.2026
MinimumVisualStudioVersion = 10.0.40219.1
Project("{9A19103F-16F7-4668-BE54-9A1E7A4F7556}") = "TwoTierTemplate", "PortalPMO\TwoTierTemplate.csproj", "{F114152D-65DC-4E9E-A57E-D6A2E9F2134E}"
EndProject
Global
	GlobalSection(SolutionConfigurationPlatforms) = preSolution
		Debug|Any CPU = Debug|Any CPU
		Release|Any CPU = Release|Any CPU
	EndGlobalSection
	GlobalSection(ProjectConfigurationPlatforms) = postSolution
		{F114152D-65DC-4E9E-A57E-D6A2E9F2134E}.Debug|Any CPU.ActiveCfg = Debug|Any CPU
		{F114152D-65DC-4E9E-A57E-D6A2E9F2134E}.Debug|Any CPU.Build.0 = Debug|Any CPU
		{F114152D-65DC-4E9E-A57E-D6A2E9F2134E}.Release|Any CPU.ActiveCfg = Release|Any CPU
		{F114152D-65DC-4E9E-A57E-D6A2E9F2134E}.Release|Any CPU.Build.0 = Release|Any CPU
	EndGlobalSection
	GlobalSection(SolutionProperties) = preSolution
		HideSolutionNode = FALSE
	EndGlobalSection
	GlobalSection(ExtensibilityGlobals) = postSolution
		SolutionGuid = {F281A99D-7C97-44AB-8457-1FD5C0882EE4}
	EndGlobalSection
EndGlobal
